
Microsoft Visual Studio Solution File, Format Version 12.00
# Visual Studio 15
VisualStudioVersion = 15.0.26124.0
MinimumVisualStudioVersion = 15.0.26124.0
Project("{FAE04EC0-301F-11D3-BF4B-00C04F79EFBC}") = "HerosUI", "HerosUI\HerosUI.csproj", "{0E8CCDB5-5D33-4ABD-A0DB-087EDFDD38DA}"
EndProject
Project("{FAE04EC0-301F-11D3-BF4B-00C04F79EFBC}") = "HerosDB", "HerosDB\HerosDB.csproj", "{8F212FF1-917A-49B3-A338-DF3D7FB579F8}"
EndProject
Project("{FAE04EC0-301F-11D3-BF4B-00C04F79EFBC}") = "HerosLib", "HerosLib\HerosLib.csproj", "{B3FA4FFC-BEDB-4406-9F1D-C84334955202}"
EndProject
Project("{FAE04EC0-301F-11D3-BF4B-00C04F79EFBC}") = "HerosTest", "HerosTest\HerosTest.csproj", "{B46F9084-CBCA-4F34-A3BE-62FDDE49700A}"
EndProject
Global
	GlobalSection(SolutionConfigurationPlatforms) = preSolution
		Debug|Any CPU = Debug|Any CPU
		Debug|x64 = Debug|x64
		Debug|x86 = Debug|x86
		Release|Any CPU = Release|Any CPU
		Release|x64 = Release|x64
		Release|x86 = Release|x86
	EndGlobalSection
	GlobalSection(SolutionProperties) = preSolution
		HideSolutionNode = FALSE
	EndGlobalSection
	GlobalSection(ProjectConfigurationPlatforms) = postSolution
		{0E8CCDB5-5D33-4ABD-A0DB-087EDFDD38DA}.Debug|Any CPU.ActiveCfg = Debug|Any CPU
		{0E8CCDB5-5D33-4ABD-A0DB-087EDFDD38DA}.Debug|Any CPU.Build.0 = Debug|Any CPU
		{0E8CCDB5-5D33-4ABD-A0DB-087EDFDD38DA}.Debug|x64.ActiveCfg = Debug|Any CPU
		{0E8CCDB5-5D33-4ABD-A0DB-087EDFDD38DA}.Debug|x64.Build.0 = Debug|Any CPU
		{0E8CCDB5-5D33-4ABD-A0DB-087EDFDD38DA}.Debug|x86.ActiveCfg = Debug|Any CPU
		{0E8CCDB5-5D33-4ABD-A0DB-087EDFDD38DA}.Debug|x86.Build.0 = Debug|Any CPU
		{0E8CCDB5-5D33-4ABD-A0DB-087EDFDD38DA}.Release|Any CPU.ActiveCfg = Release|Any CPU
		{0E8CCDB5-5D33-4ABD-A0DB-087EDFDD38DA}.Release|Any CPU.Build.0 = Release|Any CPU
		{0E8CCDB5-5D33-4ABD-A0DB-087EDFDD38DA}.Release|x64.ActiveCfg = Release|Any CPU
		{0E8CCDB5-5D33-4ABD-A0DB-087EDFDD38DA}.Release|x64.Build.0 = Release|Any CPU
		{0E8CCDB5-5D33-4ABD-A0DB-087EDFDD38DA}.Release|x86.ActiveCfg = Release|Any CPU
		{0E8CCDB5-5D33-4ABD-A0DB-087EDFDD38DA}.Release|x86.Build.0 = Release|Any CPU
		{8F212FF1-917A-49B3-A338-DF3D7FB579F8}.Debug|Any CPU.ActiveCfg = Debug|Any CPU
		{8F212FF1-917A-49B3-A338-DF3D7FB579F8}.Debug|Any CPU.Build.0 = Debug|Any CPU
		{8F212FF1-917A-49B3-A338-DF3D7FB579F8}.Debug|x64.ActiveCfg = Debug|Any CPU
		{8F212FF1-917A-49B3-A338-DF3D7FB579F8}.Debug|x64.Build.0 = Debug|Any CPU
		{8F212FF1-917A-49B3-A338-DF3D7FB579F8}.Debug|x86.ActiveCfg = Debug|Any CPU
		{8F212FF1-917A-49B3-A338-DF3D7FB579F8}.Debug|x86.Build.0 = Debug|Any CPU
		{8F212FF1-917A-49B3-A338-DF3D7FB579F8}.Release|Any CPU.ActiveCfg = Release|Any CPU
		{8F212FF1-917A-49B3-A338-DF3D7FB579F8}.Release|Any CPU.Build.0 = Release|Any CPU
		{8F212FF1-917A-49B3-A338-DF3D7FB579F8}.Release|x64.ActiveCfg = Release|Any CPU
		{8F212FF1-917A-49B3-A338-DF3D7FB579F8}.Release|x64.Build.0 = Release|Any CPU
		{8F212FF1-917A-49B3-A338-DF3D7FB579F8}.Release|x86.ActiveCfg = Release|Any CPU
		{8F212FF1-917A-49B3-A338-DF3D7FB579F8}.Release|x86.Build.0 = Release|Any CPU
		{B3FA4FFC-BEDB-4406-9F1D-C84334955202}.Debug|Any CPU.ActiveCfg = Debug|Any CPU
		{B3FA4FFC-BEDB-4406-9F1D-C84334955202}.Debug|Any CPU.Build.0 = Debug|Any CPU
		{B3FA4FFC-BEDB-4406-9F1D-C84334955202}.Debug|x64.ActiveCfg = Debug|Any CPU
		{B3FA4FFC-BEDB-4406-9F1D-C84334955202}.Debug|x64.Build.0 = Debug|Any CPU
		{B3FA4FFC-BEDB-4406-9F1D-C84334955202}.Debug|x86.ActiveCfg = Debug|Any CPU
		{B3FA4FFC-BEDB-4406-9F1D-C84334955202}.Debug|x86.Build.0 = Debug|Any CPU
		{B3FA4FFC-BEDB-4406-9F1D-C84334955202}.Release|Any CPU.ActiveCfg = Release|Any CPU
		{B3FA4FFC-BEDB-4406-9F1D-C84334955202}.Release|Any CPU.Build.0 = Release|Any CPU
		{B3FA4FFC-BEDB-4406-9F1D-C84334955202}.Release|x64.ActiveCfg = Release|Any CPU
		{B3FA4FFC-BEDB-4406-9F1D-C84334955202}.Release|x64.Build.0 = Release|Any CPU
		{B3FA4FFC-BEDB-4406-9F1D-C84334955202}.Release|x86.ActiveCfg = Release|Any CPU
		{B3FA4FFC-BEDB-4406-9F1D-C84334955202}.Release|x86.Build.0 = Release|Any CPU
		{B46F9084-CBCA-4F34-A3BE-62FDDE49700A}.Debug|Any CPU.ActiveCfg = Debug|Any CPU
		{B46F9084-CBCA-4F34-A3BE-62FDDE49700A}.Debug|Any CPU.Build.0 = Debug|Any CPU
		{B46F9084-CBCA-4F34-A3BE-62FDDE49700A}.Debug|x64.ActiveCfg = Debug|Any CPU
		{B46F9084-CBCA-4F34-A3BE-62FDDE49700A}.Debug|x64.Build.0 = Debug|Any CPU
		{B46F9084-CBCA-4F34-A3BE-62FDDE49700A}.Debug|x86.ActiveCfg = Debug|Any CPU
		{B46F9084-CBCA-4F34-A3BE-62FDDE49700A}.Debug|x86.Build.0 = Debug|Any CPU
		{B46F9084-CBCA-4F34-A3BE-62FDDE49700A}.Release|Any CPU.ActiveCfg = Release|Any CPU
		{B46F9084-CBCA-4F34-A3BE-62FDDE49700A}.Release|Any CPU.Build.0 = Release|Any CPU
		{B46F9084-CBCA-4F34-A3BE-62FDDE49700A}.Release|x64.ActiveCfg = Release|Any CPU
		{B46F9084-CBCA-4F34-A3BE-62FDDE49700A}.Release|x64.Build.0 = Release|Any CPU
		{B46F9084-CBCA-4F34-A3BE-62FDDE49700A}.Release|x86.ActiveCfg = Release|Any CPU
		{B46F9084-CBCA-4F34-A3BE-62FDDE49700A}.Release|x86.Build.0 = Release|Any CPU
	EndGlobalSection
EndGlobal
